// !$*UTF8*$!
{
	archiveVersion = 1;
	classes = {
	};
	objectVersion = 56;
	objects = {

/* Begin PBXBuildFile section */
		14A6DD3E2969DBB20022AC82 /* AppDelegate.swift in Sources */ = {isa = PBXBuildFile; fileRef = 14A6DD3D2969DBB20022AC82 /* AppDelegate.swift */; };
		14A6DD402969DBB20022AC82 /* SceneDelegate.swift in Sources */ = {isa = PBXBuildFile; fileRef = 14A6DD3F2969DBB20022AC82 /* SceneDelegate.swift */; };
		14A6DD422969DBB20022AC82 /* RMTabViewController.swift in Sources */ = {isa = PBXBuildFile; fileRef = 14A6DD412969DBB20022AC82 /* RMTabViewController.swift */; };
		14A6DD482969DBB20022AC82 /* RickAndMorty.xcdatamodeld in Sources */ = {isa = PBXBuildFile; fileRef = 14A6DD462969DBB20022AC82 /* RickAndMorty.xcdatamodeld */; };
		14A6DD4A2969DBB30022AC82 /* Assets.xcassets in Resources */ = {isa = PBXBuildFile; fileRef = 14A6DD492969DBB30022AC82 /* Assets.xcassets */; };
		14A6DD4D2969DBB30022AC82 /* LaunchScreen.storyboard in Resources */ = {isa = PBXBuildFile; fileRef = 14A6DD4B2969DBB30022AC82 /* LaunchScreen.storyboard */; };
		14A6DD582969DBB40022AC82 /* RickAndMortyTests.swift in Sources */ = {isa = PBXBuildFile; fileRef = 14A6DD572969DBB40022AC82 /* RickAndMortyTests.swift */; };
		14A6DD622969DBB40022AC82 /* RickAndMortyUITests.swift in Sources */ = {isa = PBXBuildFile; fileRef = 14A6DD612969DBB40022AC82 /* RickAndMortyUITests.swift */; };
		14A6DD642969DBB40022AC82 /* RickAndMortyUITestsLaunchTests.swift in Sources */ = {isa = PBXBuildFile; fileRef = 14A6DD632969DBB40022AC82 /* RickAndMortyUITestsLaunchTests.swift */; };
		14A6DD792969E1510022AC82 /* RMLocation.swift in Sources */ = {isa = PBXBuildFile; fileRef = 14A6DD782969E1510022AC82 /* RMLocation.swift */; };
		14A6DD7B2969E1660022AC82 /* RMCharacters.swift in Sources */ = {isa = PBXBuildFile; fileRef = 14A6DD7A2969E1660022AC82 /* RMCharacters.swift */; };
		14A6DD7E2969E3590022AC82 /* RMCharacterViewController.swift in Sources */ = {isa = PBXBuildFile; fileRef = 14A6DD7D2969E3590022AC82 /* RMCharacterViewController.swift */; };
		14A6DD802969E3840022AC82 /* RMLocationViewController.swift in Sources */ = {isa = PBXBuildFile; fileRef = 14A6DD7F2969E3840022AC82 /* RMLocationViewController.swift */; };
		14A6DD822969E3A50022AC82 /* RMEpisodeViewController.swift in Sources */ = {isa = PBXBuildFile; fileRef = 14A6DD812969E3A50022AC82 /* RMEpisodeViewController.swift */; };
		14A6DD842969E3C90022AC82 /* RMSettingsViewController.swift in Sources */ = {isa = PBXBuildFile; fileRef = 14A6DD832969E3C90022AC82 /* RMSettingsViewController.swift */; };
/* End PBXBuildFile section */

/* Begin PBXContainerItemProxy section */
		14A6DD542969DBB40022AC82 /* PBXContainerItemProxy */ = {
			isa = PBXContainerItemProxy;
			containerPortal = 14A6DD322969DBB20022AC82 /* Project object */;
			proxyType = 1;
			remoteGlobalIDString = 14A6DD392969DBB20022AC82;
			remoteInfo = RickAndMorty;
		};
		14A6DD5E2969DBB40022AC82 /* PBXContainerItemProxy */ = {
			isa = PBXContainerItemProxy;
			containerPortal = 14A6DD322969DBB20022AC82 /* Project object */;
			proxyType = 1;
			remoteGlobalIDString = 14A6DD392969DBB20022AC82;
			remoteInfo = RickAndMorty;
		};
/* End PBXContainerItemProxy section */

/* Begin PBXFileReference section */
		14A6DD3A2969DBB20022AC82 /* RickAndMorty.app */ = {isa = PBXFileReference; explicitFileType = wrapper.application; includeInIndex = 0; path = RickAndMorty.app; sourceTree = BUILT_PRODUCTS_DIR; };
		14A6DD3D2969DBB20022AC82 /* AppDelegate.swift */ = {isa = PBXFileReference; lastKnownFileType = sourcecode.swift; path = AppDelegate.swift; sourceTree = "<group>"; };
		14A6DD3F2969DBB20022AC82 /* SceneDelegate.swift */ = {isa = PBXFileReference; lastKnownFileType = sourcecode.swift; path = SceneDelegate.swift; sourceTree = "<group>"; };
		14A6DD412969DBB20022AC82 /* RMTabViewController.swift */ = {isa = PBXFileReference; lastKnownFileType = sourcecode.swift; path = RMTabViewController.swift; sourceTree = "<group>"; };
		14A6DD472969DBB20022AC82 /* RickAndMorty.xcdatamodel */ = {isa = PBXFileReference; lastKnownFileType = wrapper.xcdatamodel; path = RickAndMorty.xcdatamodel; sourceTree = "<group>"; };
		14A6DD492969DBB30022AC82 /* Assets.xcassets */ = {isa = PBXFileReference; lastKnownFileType = folder.assetcatalog; path = Assets.xcassets; sourceTree = "<group>"; };
		14A6DD4C2969DBB30022AC82 /* Base */ = {isa = PBXFileReference; lastKnownFileType = file.storyboard; name = Base; path = Base.lproj/LaunchScreen.storyboard; sourceTree = "<group>"; };
		14A6DD4E2969DBB30022AC82 /* Info.plist */ = {isa = PBXFileReference; lastKnownFileType = text.plist.xml; path = Info.plist; sourceTree = "<group>"; };
		14A6DD532969DBB40022AC82 /* RickAndMortyTests.xctest */ = {isa = PBXFileReference; explicitFileType = wrapper.cfbundle; includeInIndex = 0; path = RickAndMortyTests.xctest; sourceTree = BUILT_PRODUCTS_DIR; };
		14A6DD572969DBB40022AC82 /* RickAndMortyTests.swift */ = {isa = PBXFileReference; lastKnownFileType = sourcecode.swift; path = RickAndMortyTests.swift; sourceTree = "<group>"; };
		14A6DD5D2969DBB40022AC82 /* RickAndMortyUITests.xctest */ = {isa = PBXFileReference; explicitFileType = wrapper.cfbundle; includeInIndex = 0; path = RickAndMortyUITests.xctest; sourceTree = BUILT_PRODUCTS_DIR; };
		14A6DD612969DBB40022AC82 /* RickAndMortyUITests.swift */ = {isa = PBXFileReference; lastKnownFileType = sourcecode.swift; path = RickAndMortyUITests.swift; sourceTree = "<group>"; };
		14A6DD632969DBB40022AC82 /* RickAndMortyUITestsLaunchTests.swift */ = {isa = PBXFileReference; lastKnownFileType = sourcecode.swift; path = RickAndMortyUITestsLaunchTests.swift; sourceTree = "<group>"; };
		14A6DD782969E1510022AC82 /* RMLocation.swift */ = {isa = PBXFileReference; lastKnownFileType = sourcecode.swift; path = RMLocation.swift; sourceTree = "<group>"; };
		14A6DD7A2969E1660022AC82 /* RMCharacters.swift */ = {isa = PBXFileReference; lastKnownFileType = sourcecode.swift; path = RMCharacters.swift; sourceTree = "<group>"; };
		14A6DD7D2969E3590022AC82 /* RMCharacterViewController.swift */ = {isa = PBXFileReference; lastKnownFileType = sourcecode.swift; path = RMCharacterViewController.swift; sourceTree = "<group>"; };
		14A6DD7F2969E3840022AC82 /* RMLocationViewController.swift */ = {isa = PBXFileReference; lastKnownFileType = sourcecode.swift; path = RMLocationViewController.swift; sourceTree = "<group>"; };
		14A6DD812969E3A50022AC82 /* RMEpisodeViewController.swift */ = {isa = PBXFileReference; lastKnownFileType = sourcecode.swift; path = RMEpisodeViewController.swift; sourceTree = "<group>"; };
		14A6DD832969E3C90022AC82 /* RMSettingsViewController.swift */ = {isa = PBXFileReference; lastKnownFileType = sourcecode.swift; path = RMSettingsViewController.swift; sourceTree = "<group>"; };
/* End PBXFileReference section */

/* Begin PBXFrameworksBuildPhase section */
		14A6DD372969DBB20022AC82 /* Frameworks */ = {
			isa = PBXFrameworksBuildPhase;
			buildActionMask = 2147483647;
			files = (
			);
			runOnlyForDeploymentPostprocessing = 0;
		};
		14A6DD502969DBB40022AC82 /* Frameworks */ = {
			isa = PBXFrameworksBuildPhase;
			buildActionMask = 2147483647;
			files = (
			);
			runOnlyForDeploymentPostprocessing = 0;
		};
		14A6DD5A2969DBB40022AC82 /* Frameworks */ = {
			isa = PBXFrameworksBuildPhase;
			buildActionMask = 2147483647;
			files = (
			);
			runOnlyForDeploymentPostprocessing = 0;
		};
/* End PBXFrameworksBuildPhase section */

/* Begin PBXGroup section */
		14A6DD312969DBB20022AC82 = {
			isa = PBXGroup;
			children = (
				14A6DD3C2969DBB20022AC82 /* RickAndMorty */,
				14A6DD562969DBB40022AC82 /* RickAndMortyTests */,
				14A6DD602969DBB40022AC82 /* RickAndMortyUITests */,
				14A6DD3B2969DBB20022AC82 /* Products */,
			);
			sourceTree = "<group>";
		};
		14A6DD3B2969DBB20022AC82 /* Products */ = {
			isa = PBXGroup;
			children = (
				14A6DD3A2969DBB20022AC82 /* RickAndMorty.app */,
				14A6DD532969DBB40022AC82 /* RickAndMortyTests.xctest */,
				14A6DD5D2969DBB40022AC82 /* RickAndMortyUITests.xctest */,
			);
			name = Products;
			sourceTree = "<group>";
		};
		14A6DD3C2969DBB20022AC82 /* RickAndMorty */ = {
			isa = PBXGroup;
			children = (
				14A6DD772969E0B00022AC82 /* Managers */,
				14A6DD762969E0920022AC82 /* ViewModels */,
				14A6DD752969E07E0022AC82 /* Views */,
				14A6DD742969E06C0022AC82 /* Controllers */,
				14A6DD732969E0530022AC82 /* Models */,
				14A6DD722969E0450022AC82 /* APIClient */,
				14A6DD712969E0370022AC82 /* Resourses */,
				14A6DD4E2969DBB30022AC82 /* Info.plist */,
				14A6DD462969DBB20022AC82 /* RickAndMorty.xcdatamodeld */,
			);
			path = RickAndMorty;
			sourceTree = "<group>";
		};
		14A6DD562969DBB40022AC82 /* RickAndMortyTests */ = {
			isa = PBXGroup;
			children = (
				14A6DD572969DBB40022AC82 /* RickAndMortyTests.swift */,
			);
			path = RickAndMortyTests;
			sourceTree = "<group>";
		};
		14A6DD602969DBB40022AC82 /* RickAndMortyUITests */ = {
			isa = PBXGroup;
			children = (
				14A6DD612969DBB40022AC82 /* RickAndMortyUITests.swift */,
				14A6DD632969DBB40022AC82 /* RickAndMortyUITestsLaunchTests.swift */,
			);
			path = RickAndMortyUITests;
			sourceTree = "<group>";
		};
		14A6DD712969E0370022AC82 /* Resourses */ = {
			isa = PBXGroup;
			children = (
				14A6DD492969DBB30022AC82 /* Assets.xcassets */,
				14A6DD4B2969DBB30022AC82 /* LaunchScreen.storyboard */,
				14A6DD3F2969DBB20022AC82 /* SceneDelegate.swift */,
				14A6DD3D2969DBB20022AC82 /* AppDelegate.swift */,
			);
			path = Resourses;
			sourceTree = "<group>";
		};
		14A6DD722969E0450022AC82 /* APIClient */ = {
			isa = PBXGroup;
			children = (
			);
			path = APIClient;
			sourceTree = "<group>";
		};
		14A6DD732969E0530022AC82 /* Models */ = {
			isa = PBXGroup;
			children = (
				14A6DD782969E1510022AC82 /* RMLocation.swift */,
				14A6DD7A2969E1660022AC82 /* RMCharacters.swift */,
			);
			path = Models;
			sourceTree = "<group>";
		};
		14A6DD742969E06C0022AC82 /* Controllers */ = {
			isa = PBXGroup;
			children = (
				14A6DD7C2969E2E40022AC82 /* Core */,
			);
			path = Controllers;
			sourceTree = "<group>";
		};
		14A6DD752969E07E0022AC82 /* Views */ = {
			isa = PBXGroup;
			children = (
			);
			path = Views;
			sourceTree = "<group>";
		};
		14A6DD762969E0920022AC82 /* ViewModels */ = {
			isa = PBXGroup;
			children = (
			);
			path = ViewModels;
			sourceTree = "<group>";
		};
		14A6DD772969E0B00022AC82 /* Managers */ = {
			isa = PBXGroup;
			children = (
			);
			path = Managers;
			sourceTree = "<group>";
		};
		14A6DD7C2969E2E40022AC82 /* Core */ = {
			isa = PBXGroup;
			children = (
				14A6DD412969DBB20022AC82 /* RMTabViewController.swift */,
				14A6DD7D2969E3590022AC82 /* RMCharacterViewController.swift */,
				14A6DD7F2969E3840022AC82 /* RMLocationViewController.swift */,
				14A6DD812969E3A50022AC82 /* RMEpisodeViewController.swift */,
				14A6DD832969E3C90022AC82 /* RMSettingsViewController.swift */,
			);
			path = Core;
			sourceTree = "<group>";
		};
/* End PBXGroup section */

/* Begin PBXNativeTarget section */
		14A6DD392969DBB20022AC82 /* RickAndMorty */ = {
			isa = PBXNativeTarget;
			buildConfigurationList = 14A6DD672969DBB40022AC82 /* Build configuration list for PBXNativeTarget "RickAndMorty" */;
			buildPhases = (
				14A6DD362969DBB20022AC82 /* Sources */,
				14A6DD372969DBB20022AC82 /* Frameworks */,
				14A6DD382969DBB20022AC82 /* Resources */,
				14A6DD702969DE770022AC82 /* ShellScript */,
			);
			buildRules = (
			);
			dependencies = (
			);
			name = RickAndMorty;
			productName = RickAndMorty;
			productReference = 14A6DD3A2969DBB20022AC82 /* RickAndMorty.app */;
			productType = "com.apple.product-type.application";
		};
		14A6DD522969DBB40022AC82 /* RickAndMortyTests */ = {
			isa = PBXNativeTarget;
			buildConfigurationList = 14A6DD6A2969DBB40022AC82 /* Build configuration list for PBXNativeTarget "RickAndMortyTests" */;
			buildPhases = (
				14A6DD4F2969DBB40022AC82 /* Sources */,
				14A6DD502969DBB40022AC82 /* Frameworks */,
				14A6DD512969DBB40022AC82 /* Resources */,
			);
			buildRules = (
			);
			dependencies = (
				14A6DD552969DBB40022AC82 /* PBXTargetDependency */,
			);
			name = RickAndMortyTests;
			productName = RickAndMortyTests;
			productReference = 14A6DD532969DBB40022AC82 /* RickAndMortyTests.xctest */;
			productType = "com.apple.product-type.bundle.unit-test";
		};
		14A6DD5C2969DBB40022AC82 /* RickAndMortyUITests */ = {
			isa = PBXNativeTarget;
			buildConfigurationList = 14A6DD6D2969DBB40022AC82 /* Build configuration list for PBXNativeTarget "RickAndMortyUITests" */;
			buildPhases = (
				14A6DD592969DBB40022AC82 /* Sources */,
				14A6DD5A2969DBB40022AC82 /* Frameworks */,
				14A6DD5B2969DBB40022AC82 /* Resources */,
			);
			buildRules = (
			);
			dependencies = (
				14A6DD5F2969DBB40022AC82 /* PBXTargetDependency */,
			);
			name = RickAndMortyUITests;
			productName = RickAndMortyUITests;
			productReference = 14A6DD5D2969DBB40022AC82 /* RickAndMortyUITests.xctest */;
			productType = "com.apple.product-type.bundle.ui-testing";
		};
/* End PBXNativeTarget section */

/* Begin PBXProject section */
		14A6DD322969DBB20022AC82 /* Project object */ = {
			isa = PBXProject;
			attributes = {
				BuildIndependentTargetsInParallel = 1;
				LastSwiftUpdateCheck = 1420;
				LastUpgradeCheck = 1420;
				TargetAttributes = {
					14A6DD392969DBB20022AC82 = {
						CreatedOnToolsVersion = 14.2;
					};
					14A6DD522969DBB40022AC82 = {
						CreatedOnToolsVersion = 14.2;
						TestTargetID = 14A6DD392969DBB20022AC82;
					};
					14A6DD5C2969DBB40022AC82 = {
						CreatedOnToolsVersion = 14.2;
						TestTargetID = 14A6DD392969DBB20022AC82;
					};
				};
			};
			buildConfigurationList = 14A6DD352969DBB20022AC82 /* Build configuration list for PBXProject "RickAndMorty" */;
			compatibilityVersion = "Xcode 14.0";
			developmentRegion = en;
			hasScannedForEncodings = 0;
			knownRegions = (
				en,
				Base,
			);
			mainGroup = 14A6DD312969DBB20022AC82;
			productRefGroup = 14A6DD3B2969DBB20022AC82 /* Products */;
			projectDirPath = "";
			projectRoot = "";
			targets = (
				14A6DD392969DBB20022AC82 /* RickAndMorty */,
				14A6DD522969DBB40022AC82 /* RickAndMortyTests */,
				14A6DD5C2969DBB40022AC82 /* RickAndMortyUITests */,
			);
		};
/* End PBXProject section */

/* Begin PBXResourcesBuildPhase section */
		14A6DD382969DBB20022AC82 /* Resources */ = {
			isa = PBXResourcesBuildPhase;
			buildActionMask = 2147483647;
			files = (
				14A6DD4D2969DBB30022AC82 /* LaunchScreen.storyboard in Resources */,
				14A6DD4A2969DBB30022AC82 /* Assets.xcassets in Resources */,
			);
			runOnlyForDeploymentPostprocessing = 0;
		};
		14A6DD512969DBB40022AC82 /* Resources */ = {
			isa = PBXResourcesBuildPhase;
			buildActionMask = 2147483647;
			files = (
			);
			runOnlyForDeploymentPostprocessing = 0;
		};
		14A6DD5B2969DBB40022AC82 /* Resources */ = {
			isa = PBXResourcesBuildPhase;
			buildActionMask = 2147483647;
			files = (
			);
			runOnlyForDeploymentPostprocessing = 0;
		};
/* End PBXResourcesBuildPhase section */

/* Begin PBXShellScriptBuildPhase section */
		14A6DD702969DE770022AC82 /* ShellScript */ = {
			isa = PBXShellScriptBuildPhase;
			buildActionMask = 2147483647;
			files = (
			);
			inputFileListPaths = (
			);
			inputPaths = (
			);
			outputFileListPaths = (
			);
			outputPaths = (
			);
			runOnlyForDeploymentPostprocessing = 0;
			shellPath = /bin/sh;
			shellScript = "export PATH=\"$PATH:/opt/homebrew/bin\"\nif which swiftlint >/dev/null; then\nswiftlint\nelse\necho \"warning: Swiftlint not installed, download from https://github.com/realm/SwiftLint\"\nfi\n";
		};
/* End PBXShellScriptBuildPhase section */

/* Begin PBXSourcesBuildPhase section */
		14A6DD362969DBB20022AC82 /* Sources */ = {
			isa = PBXSourcesBuildPhase;
			buildActionMask = 2147483647;
			files = (
				14A6DD802969E3840022AC82 /* RMLocationViewController.swift in Sources */,
				14A6DD7B2969E1660022AC82 /* RMCharacters.swift in Sources */,
				14A6DD482969DBB20022AC82 /* RickAndMorty.xcdatamodeld in Sources */,
				14A6DD822969E3A50022AC82 /* RMEpisodeViewController.swift in Sources */,
				14A6DD422969DBB20022AC82 /* RMTabViewController.swift in Sources */,
				14A6DD792969E1510022AC82 /* RMLocation.swift in Sources */,
				14A6DD842969E3C90022AC82 /* RMSettingsViewController.swift in Sources */,
				14A6DD3E2969DBB20022AC82 /* AppDelegate.swift in Sources */,
				14A6DD402969DBB20022AC82 /* SceneDelegate.swift in Sources */,
				14A6DD7E2969E3590022AC82 /* RMCharacterViewController.swift in Sources */,
			);
			runOnlyForDeploymentPostprocessing = 0;
		};
		14A6DD4F2969DBB40022AC82 /* Sources */ = {
			isa = PBXSourcesBuildPhase;
			buildActionMask = 2147483647;
			files = (
				14A6DD582969DBB40022AC82 /* RickAndMortyTests.swift in Sources */,
			);
			runOnlyForDeploymentPostprocessing = 0;
		};
		14A6DD592969DBB40022AC82 /* Sources */ = {
			isa = PBXSourcesBuildPhase;
			buildActionMask = 2147483647;
			files = (
				14A6DD622969DBB40022AC82 /* RickAndMortyUITests.swift in Sources */,
				14A6DD642969DBB40022AC82 /* RickAndMortyUITestsLaunchTests.swift in Sources */,
			);
			runOnlyForDeploymentPostprocessing = 0;
		};
/* End PBXSourcesBuildPhase section */

/* Begin PBXTargetDependency section */
		14A6DD552969DBB40022AC82 /* PBXTargetDependency */ = {
			isa = PBXTargetDependency;
			target = 14A6DD392969DBB20022AC82 /* RickAndMorty */;
			targetProxy = 14A6DD542969DBB40022AC82 /* PBXContainerItemProxy */;
		};
		14A6DD5F2969DBB40022AC82 /* PBXTargetDependency */ = {
			isa = PBXTargetDependency;
			target = 14A6DD392969DBB20022AC82 /* RickAndMorty */;
			targetProxy = 14A6DD5E2969DBB40022AC82 /* PBXContainerItemProxy */;
		};
/* End PBXTargetDependency section */

/* Begin PBXVariantGroup section */
		14A6DD4B2969DBB30022AC82 /* LaunchScreen.storyboard */ = {
			isa = PBXVariantGroup;
			children = (
				14A6DD4C2969DBB30022AC82 /* Base */,
			);
			name = LaunchScreen.storyboard;
			sourceTree = "<group>";
		};
/* End PBXVariantGroup section */

/* Begin XCBuildConfiguration section */
		14A6DD652969DBB40022AC82 /* Debug */ = {
			isa = XCBuildConfiguration;
			buildSettings = {
				ALWAYS_SEARCH_USER_PATHS = NO;
				CLANG_ANALYZER_NONNULL = YES;
				CLANG_ANALYZER_NUMBER_OBJECT_CONVERSION = YES_AGGRESSIVE;
				CLANG_CXX_LANGUAGE_STANDARD = "gnu++20";
				CLANG_ENABLE_MODULES = YES;
				CLANG_ENABLE_OBJC_ARC = YES;
				CLANG_ENABLE_OBJC_WEAK = YES;
				CLANG_WARN_BLOCK_CAPTURE_AUTORELEASING = YES;
				CLANG_WARN_BOOL_CONVERSION = YES;
				CLANG_WARN_COMMA = YES;
				CLANG_WARN_CONSTANT_CONVERSION = YES;
				CLANG_WARN_DEPRECATED_OBJC_IMPLEMENTATIONS = YES;
				CLANG_WARN_DIRECT_OBJC_ISA_USAGE = YES_ERROR;
				CLANG_WARN_DOCUMENTATION_COMMENTS = YES;
				CLANG_WARN_EMPTY_BODY = YES;
				CLANG_WARN_ENUM_CONVERSION = YES;
				CLANG_WARN_INFINITE_RECURSION = YES;
				CLANG_WARN_INT_CONVERSION = YES;
				CLANG_WARN_NON_LITERAL_NULL_CONVERSION = YES;
				CLANG_WARN_OBJC_IMPLICIT_RETAIN_SELF = YES;
				CLANG_WARN_OBJC_LITERAL_CONVERSION = YES;
				CLANG_WARN_OBJC_ROOT_CLASS = YES_ERROR;
				CLANG_WARN_QUOTED_INCLUDE_IN_FRAMEWORK_HEADER = YES;
				CLANG_WARN_RANGE_LOOP_ANALYSIS = YES;
				CLANG_WARN_STRICT_PROTOTYPES = YES;
				CLANG_WARN_SUSPICIOUS_MOVE = YES;
				CLANG_WARN_UNGUARDED_AVAILABILITY = YES_AGGRESSIVE;
				CLANG_WARN_UNREACHABLE_CODE = YES;
				CLANG_WARN__DUPLICATE_METHOD_MATCH = YES;
				COPY_PHASE_STRIP = NO;
				DEBUG_INFORMATION_FORMAT = dwarf;
				ENABLE_STRICT_OBJC_MSGSEND = YES;
				ENABLE_TESTABILITY = YES;
				GCC_C_LANGUAGE_STANDARD = gnu11;
				GCC_DYNAMIC_NO_PIC = NO;
				GCC_NO_COMMON_BLOCKS = YES;
				GCC_OPTIMIZATION_LEVEL = 0;
				GCC_PREPROCESSOR_DEFINITIONS = (
					"DEBUG=1",
					"$(inherited)",
				);
				GCC_WARN_64_TO_32_BIT_CONVERSION = YES;
				GCC_WARN_ABOUT_RETURN_TYPE = YES_ERROR;
				GCC_WARN_UNDECLARED_SELECTOR = YES;
				GCC_WARN_UNINITIALIZED_AUTOS = YES_AGGRESSIVE;
				GCC_WARN_UNUSED_FUNCTION = YES;
				GCC_WARN_UNUSED_VARIABLE = YES;
				IPHONEOS_DEPLOYMENT_TARGET = 16.2;
				MTL_ENABLE_DEBUG_INFO = INCLUDE_SOURCE;
				MTL_FAST_MATH = YES;
				ONLY_ACTIVE_ARCH = YES;
				SDKROOT = iphoneos;
				SWIFT_ACTIVE_COMPILATION_CONDITIONS = DEBUG;
				SWIFT_OPTIMIZATION_LEVEL = "-Onone";
			};
			name = Debug;
		};
		14A6DD662969DBB40022AC82 /* Release */ = {
			isa = XCBuildConfiguration;
			buildSettings = {
				ALWAYS_SEARCH_USER_PATHS = NO;
				CLANG_ANALYZER_NONNULL = YES;
				CLANG_ANALYZER_NUMBER_OBJECT_CONVERSION = YES_AGGRESSIVE;
				CLANG_CXX_LANGUAGE_STANDARD = "gnu++20";
				CLANG_ENABLE_MODULES = YES;
				CLANG_ENABLE_OBJC_ARC = YES;
				CLANG_ENABLE_OBJC_WEAK = YES;
				CLANG_WARN_BLOCK_CAPTURE_AUTORELEASING = YES;
				CLANG_WARN_BOOL_CONVERSION = YES;
				CLANG_WARN_COMMA = YES;
				CLANG_WARN_CONSTANT_CONVERSION = YES;
				CLANG_WARN_DEPRECATED_OBJC_IMPLEMENTATIONS = YES;
				CLANG_WARN_DIRECT_OBJC_ISA_USAGE = YES_ERROR;
				CLANG_WARN_DOCUMENTATION_COMMENTS = YES;
				CLANG_WARN_EMPTY_BODY = YES;
				CLANG_WARN_ENUM_CONVERSION = YES;
				CLANG_WARN_INFINITE_RECURSION = YES;
				CLANG_WARN_INT_CONVERSION = YES;
				CLANG_WARN_NON_LITERAL_NULL_CONVERSION = YES;
				CLANG_WARN_OBJC_IMPLICIT_RETAIN_SELF = YES;
				CLANG_WARN_OBJC_LITERAL_CONVERSION = YES;
				CLANG_WARN_OBJC_ROOT_CLASS = YES_ERROR;
				CLANG_WARN_QUOTED_INCLUDE_IN_FRAMEWORK_HEADER = YES;
				CLANG_WARN_RANGE_LOOP_ANALYSIS = YES;
				CLANG_WARN_STRICT_PROTOTYPES = YES;
				CLANG_WARN_SUSPICIOUS_MOVE = YES;
				CLANG_WARN_UNGUARDED_AVAILABILITY = YES_AGGRESSIVE;
				CLANG_WARN_UNREACHABLE_CODE = YES;
				CLANG_WARN__DUPLICATE_METHOD_MATCH = YES;
				COPY_PHASE_STRIP = NO;
				DEBUG_INFORMATION_FORMAT = "dwarf-with-dsym";
				ENABLE_NS_ASSERTIONS = NO;
				ENABLE_STRICT_OBJC_MSGSEND = YES;
				GCC_C_LANGUAGE_STANDARD = gnu11;
				GCC_NO_COMMON_BLOCKS = YES;
				GCC_WARN_64_TO_32_BIT_CONVERSION = YES;
				GCC_WARN_ABOUT_RETURN_TYPE = YES_ERROR;
				GCC_WARN_UNDECLARED_SELECTOR = YES;
				GCC_WARN_UNINITIALIZED_AUTOS = YES_AGGRESSIVE;
				GCC_WARN_UNUSED_FUNCTION = YES;
				GCC_WARN_UNUSED_VARIABLE = YES;
				IPHONEOS_DEPLOYMENT_TARGET = 16.2;
				MTL_ENABLE_DEBUG_INFO = NO;
				MTL_FAST_MATH = YES;
				SDKROOT = iphoneos;
				SWIFT_COMPILATION_MODE = wholemodule;
				SWIFT_OPTIMIZATION_LEVEL = "-O";
				VALIDATE_PRODUCT = YES;
			};
			name = Release;
		};
		14A6DD682969DBB40022AC82 /* Debug */ = {
			isa = XCBuildConfiguration;
			buildSettings = {
				ASSETCATALOG_COMPILER_APPICON_NAME = AppIcon;
				ASSETCATALOG_COMPILER_GLOBAL_ACCENT_COLOR_NAME = AccentColor;
				CODE_SIGN_STYLE = Automatic;
				CURRENT_PROJECT_VERSION = 1;
				DEVELOPMENT_TEAM = 7P3G4Y9CSP;
				GENERATE_INFOPLIST_FILE = YES;
				INFOPLIST_FILE = RickAndMorty/Info.plist;
				INFOPLIST_KEY_UIApplicationSupportsIndirectInputEvents = YES;
				INFOPLIST_KEY_UILaunchStoryboardName = LaunchScreen;
				INFOPLIST_KEY_UISupportedInterfaceOrientations_iPad = "UIInterfaceOrientationPortrait UIInterfaceOrientationPortraitUpsideDown UIInterfaceOrientationLandscapeLeft UIInterfaceOrientationLandscapeRight";
				INFOPLIST_KEY_UISupportedInterfaceOrientations_iPhone = "UIInterfaceOrientationPortrait UIInterfaceOrientationLandscapeLeft UIInterfaceOrientationLandscapeRight";
				LD_RUNPATH_SEARCH_PATHS = (
					"$(inherited)",
					"@executable_path/Frameworks",
				);
				MARKETING_VERSION = 1.0;
				PRODUCT_BUNDLE_IDENTIFIER = "Marcelo-de-Arau-jo.RickAndMorty";
				PRODUCT_NAME = "$(TARGET_NAME)";
				SWIFT_EMIT_LOC_STRINGS = YES;
				SWIFT_VERSION = 5.0;
				TARGETED_DEVICE_FAMILY = "1,2";
			};
			name = Debug;
		};
		14A6DD692969DBB40022AC82 /* Release */ = {
			isa = XCBuildConfiguration;
			buildSettings = {
				ASSETCATALOG_COMPILER_APPICON_NAME = AppIcon;
				ASSETCATALOG_COMPILER_GLOBAL_ACCENT_COLOR_NAME = AccentColor;
				CODE_SIGN_STYLE = Automatic;
				CURRENT_PROJECT_VERSION = 1;
				DEVELOPMENT_TEAM = 7P3G4Y9CSP;
				GENERATE_INFOPLIST_FILE = YES;
				INFOPLIST_FILE = RickAndMorty/Info.plist;
				INFOPLIST_KEY_UIApplicationSupportsIndirectInputEvents = YES;
				INFOPLIST_KEY_UILaunchStoryboardName = LaunchScreen;
				INFOPLIST_KEY_UISupportedInterfaceOrientations_iPad = "UIInterfaceOrientationPortrait UIInterfaceOrientationPortraitUpsideDown UIInterfaceOrientationLandscapeLeft UIInterfaceOrientationLandscapeRight";
				INFOPLIST_KEY_UISupportedInterfaceOrientations_iPhone = "UIInterfaceOrientationPortrait UIInterfaceOrientationLandscapeLeft UIInterfaceOrientationLandscapeRight";
				LD_RUNPATH_SEARCH_PATHS = (
					"$(inherited)",
					"@executable_path/Frameworks",
				);
				MARKETING_VERSION = 1.0;
				PRODUCT_BUNDLE_IDENTIFIER = "Marcelo-de-Arau-jo.RickAndMorty";
				PRODUCT_NAME = "$(TARGET_NAME)";
				SWIFT_EMIT_LOC_STRINGS = YES;
				SWIFT_VERSION = 5.0;
				TARGETED_DEVICE_FAMILY = "1,2";
			};
			name = Release;
		};
		14A6DD6B2969DBB40022AC82 /* Debug */ = {
			isa = XCBuildConfiguration;
			buildSettings = {
				ALWAYS_EMBED_SWIFT_STANDARD_LIBRARIES = YES;
				BUNDLE_LOADER = "$(TEST_HOST)";
				CODE_SIGN_STYLE = Automatic;
				CURRENT_PROJECT_VERSION = 1;
				DEVELOPMENT_TEAM = 7P3G4Y9CSP;
				GENERATE_INFOPLIST_FILE = YES;
				IPHONEOS_DEPLOYMENT_TARGET = 16.2;
				MARKETING_VERSION = 1.0;
				PRODUCT_BUNDLE_IDENTIFIER = "Marcelo-de-Arau-jo.RickAndMortyTests";
				PRODUCT_NAME = "$(TARGET_NAME)";
				SWIFT_EMIT_LOC_STRINGS = NO;
				SWIFT_VERSION = 5.0;
				TARGETED_DEVICE_FAMILY = "1,2";
				TEST_HOST = "$(BUILT_PRODUCTS_DIR)/RickAndMorty.app/$(BUNDLE_EXECUTABLE_FOLDER_PATH)/RickAndMorty";
			};
			name = Debug;
		};
		14A6DD6C2969DBB40022AC82 /* Release */ = {
			isa = XCBuildConfiguration;
			buildSettings = {
				ALWAYS_EMBED_SWIFT_STANDARD_LIBRARIES = YES;
				BUNDLE_LOADER = "$(TEST_HOST)";
				CODE_SIGN_STYLE = Automatic;
				CURRENT_PROJECT_VERSION = 1;
				DEVELOPMENT_TEAM = 7P3G4Y9CSP;
				GENERATE_INFOPLIST_FILE = YES;
				IPHONEOS_DEPLOYMENT_TARGET = 16.2;
				MARKETING_VERSION = 1.0;
				PRODUCT_BUNDLE_IDENTIFIER = "Marcelo-de-Arau-jo.RickAndMortyTests";
				PRODUCT_NAME = "$(TARGET_NAME)";
				SWIFT_EMIT_LOC_STRINGS = NO;
				SWIFT_VERSION = 5.0;
				TARGETED_DEVICE_FAMILY = "1,2";
				TEST_HOST = "$(BUILT_PRODUCTS_DIR)/RickAndMorty.app/$(BUNDLE_EXECUTABLE_FOLDER_PATH)/RickAndMorty";
			};
			name = Release;
		};
		14A6DD6E2969DBB40022AC82 /* Debug */ = {
			isa = XCBuildConfiguration;
			buildSettings = {
				ALWAYS_EMBED_SWIFT_STANDARD_LIBRARIES = YES;
				CODE_SIGN_STYLE = Automatic;
				CURRENT_PROJECT_VERSION = 1;
				DEVELOPMENT_TEAM = 7P3G4Y9CSP;
				GENERATE_INFOPLIST_FILE = YES;
				MARKETING_VERSION = 1.0;
				PRODUCT_BUNDLE_IDENTIFIER = "Marcelo-de-Arau-jo.RickAndMortyUITests";
				PRODUCT_NAME = "$(TARGET_NAME)";
				SWIFT_EMIT_LOC_STRINGS = NO;
				SWIFT_VERSION = 5.0;
				TARGETED_DEVICE_FAMILY = "1,2";
				TEST_TARGET_NAME = RickAndMorty;
			};
			name = Debug;
		};
		14A6DD6F2969DBB40022AC82 /* Release */ = {
			isa = XCBuildConfiguration;
			buildSettings = {
				ALWAYS_EMBED_SWIFT_STANDARD_LIBRARIES = YES;
				CODE_SIGN_STYLE = Automatic;
				CURRENT_PROJECT_VERSION = 1;
				DEVELOPMENT_TEAM = 7P3G4Y9CSP;
				GENERATE_INFOPLIST_FILE = YES;
				MARKETING_VERSION = 1.0;
				PRODUCT_BUNDLE_IDENTIFIER = "Marcelo-de-Arau-jo.RickAndMortyUITests";
				PRODUCT_NAME = "$(TARGET_NAME)";
				SWIFT_EMIT_LOC_STRINGS = NO;
				SWIFT_VERSION = 5.0;
				TARGETED_DEVICE_FAMILY = "1,2";
				TEST_TARGET_NAME = RickAndMorty;
			};
			name = Release;
		};
/* End XCBuildConfiguration section */

/* Begin XCConfigurationList section */
		14A6DD352969DBB20022AC82 /* Build configuration list for PBXProject "RickAndMorty" */ = {
			isa = XCConfigurationList;
			buildConfigurations = (
				14A6DD652969DBB40022AC82 /* Debug */,
				14A6DD662969DBB40022AC82 /* Release */,
			);
			defaultConfigurationIsVisible = 0;
			defaultConfigurationName = Release;
		};
		14A6DD672969DBB40022AC82 /* Build configuration list for PBXNativeTarget "RickAndMorty" */ = {
			isa = XCConfigurationList;
			buildConfigurations = (
				14A6DD682969DBB40022AC82 /* Debug */,
				14A6DD692969DBB40022AC82 /* Release */,
			);
			defaultConfigurationIsVisible = 0;
			defaultConfigurationName = Release;
		};
		14A6DD6A2969DBB40022AC82 /* Build configuration list for PBXNativeTarget "RickAndMortyTests" */ = {
			isa = XCConfigurationList;
			buildConfigurations = (
				14A6DD6B2969DBB40022AC82 /* Debug */,
				14A6DD6C2969DBB40022AC82 /* Release */,
			);
			defaultConfigurationIsVisible = 0;
			defaultConfigurationName = Release;
		};
		14A6DD6D2969DBB40022AC82 /* Build configuration list for PBXNativeTarget "RickAndMortyUITests" */ = {
			isa = XCConfigurationList;
			buildConfigurations = (
				14A6DD6E2969DBB40022AC82 /* Debug */,
				14A6DD6F2969DBB40022AC82 /* Release */,
			);
			defaultConfigurationIsVisible = 0;
			defaultConfigurationName = Release;
		};
/* End XCConfigurationList section */

/* Begin XCVersionGroup section */
		14A6DD462969DBB20022AC82 /* RickAndMorty.xcdatamodeld */ = {
			isa = XCVersionGroup;
			children = (
				14A6DD472969DBB20022AC82 /* RickAndMorty.xcdatamodel */,
			);
			currentVersion = 14A6DD472969DBB20022AC82 /* RickAndMorty.xcdatamodel */;
			path = RickAndMorty.xcdatamodeld;
			sourceTree = "<group>";
			versionGroupType = wrapper.xcdatamodel;
		};
/* End XCVersionGroup section */
	};
	rootObject = 14A6DD322969DBB20022AC82 /* Project object */;
}
